
Microsoft Visual Studio Solution File, Format Version 12.00
Project("{FAE04EC0-301F-11D3-BF4B-00C04F79EFBC}") = "CloudScale.Api", "CloudScale.Api\CloudScale.Api.csproj", "{5E38D35C-322D-433A-A3E7-D9CC974F8E15}"
EndProject
Project("{FAE04EC0-301F-11D3-BF4B-00C04F79EFBC}") = "CloudScale.Tests", "CloudScale.Tests\CloudScale.Tests.csproj", "{82E0A7AC-E95E-4C40-8A10-FCF90C6C1C17}"
EndProject
Project("{FAE04EC0-301F-11D3-BF4B-00C04F79EFBC}") = "CloudScale.Business", "CloudScale.Business\CloudScale.Business.csproj", "{A7E96DF2-D58E-41D5-A505-2A80E506EE85}"
EndProject
Project("{FAE04EC0-301F-11D3-BF4B-00C04F79EFBC}") = "CloudScale.Data", "CloudScale.Data\CloudScale.Data.csproj", "{5EEE1EBF-BC04-422E-A8FD-B8A84842E43A}"
EndProject
Project("{FAE04EC0-301F-11D3-BF4B-00C04F79EFBC}") = "CloudScale.ApiClient", "CloudScale.ApiClient\CloudScale.ApiClient.csproj", "{19AA208A-B00E-442E-8406-1D6F87016CD9}"
EndProject
Project("{FAE04EC0-301F-11D3-BF4B-00C04F79EFBC}") = "CloudScale.Contracts", "CloudScale.Contracts\CloudScale.Contracts.csproj", "{4F4EB2CE-44A9-4DBA-A3F5-E97FA28ED6C1}"
EndProject
Project("{FAE04EC0-301F-11D3-BF4B-00C04F79EFBC}") = "CloudScale.Cli", "CloudScale.Cli\CloudScale.Cli.csproj", "{74B5DE7D-9B10-4A52-92AE-E156D38F7F19}"
EndProject
Project("{FAE04EC0-301F-11D3-BF4B-00C04F79EFBC}") = "CloudScale.Core", "CloudScale.Core\CloudScale.Core.csproj", "{04F803B1-4D9C-45DB-B429-EA1AA9D0D5F1}"
EndProject
Global
	GlobalSection(SolutionConfigurationPlatforms) = preSolution
		Debug|Any CPU = Debug|Any CPU
		Release|Any CPU = Release|Any CPU
	EndGlobalSection
	GlobalSection(ProjectConfigurationPlatforms) = postSolution
		{5E38D35C-322D-433A-A3E7-D9CC974F8E15}.Debug|Any CPU.ActiveCfg = Debug|Any CPU
		{5E38D35C-322D-433A-A3E7-D9CC974F8E15}.Debug|Any CPU.Build.0 = Debug|Any CPU
		{5E38D35C-322D-433A-A3E7-D9CC974F8E15}.Release|Any CPU.ActiveCfg = Release|Any CPU
		{5E38D35C-322D-433A-A3E7-D9CC974F8E15}.Release|Any CPU.Build.0 = Release|Any CPU
		{82E0A7AC-E95E-4C40-8A10-FCF90C6C1C17}.Debug|Any CPU.ActiveCfg = Debug|Any CPU
		{82E0A7AC-E95E-4C40-8A10-FCF90C6C1C17}.Debug|Any CPU.Build.0 = Debug|Any CPU
		{82E0A7AC-E95E-4C40-8A10-FCF90C6C1C17}.Release|Any CPU.ActiveCfg = Release|Any CPU
		{82E0A7AC-E95E-4C40-8A10-FCF90C6C1C17}.Release|Any CPU.Build.0 = Release|Any CPU
		{A7E96DF2-D58E-41D5-A505-2A80E506EE85}.Debug|Any CPU.ActiveCfg = Debug|Any CPU
		{A7E96DF2-D58E-41D5-A505-2A80E506EE85}.Debug|Any CPU.Build.0 = Debug|Any CPU
		{A7E96DF2-D58E-41D5-A505-2A80E506EE85}.Release|Any CPU.ActiveCfg = Release|Any CPU
		{A7E96DF2-D58E-41D5-A505-2A80E506EE85}.Release|Any CPU.Build.0 = Release|Any CPU
		{5EEE1EBF-BC04-422E-A8FD-B8A84842E43A}.Debug|Any CPU.ActiveCfg = Debug|Any CPU
		{5EEE1EBF-BC04-422E-A8FD-B8A84842E43A}.Debug|Any CPU.Build.0 = Debug|Any CPU
		{5EEE1EBF-BC04-422E-A8FD-B8A84842E43A}.Release|Any CPU.ActiveCfg = Release|Any CPU
		{5EEE1EBF-BC04-422E-A8FD-B8A84842E43A}.Release|Any CPU.Build.0 = Release|Any CPU
		{19AA208A-B00E-442E-8406-1D6F87016CD9}.Debug|Any CPU.ActiveCfg = Debug|Any CPU
		{19AA208A-B00E-442E-8406-1D6F87016CD9}.Debug|Any CPU.Build.0 = Debug|Any CPU
		{19AA208A-B00E-442E-8406-1D6F87016CD9}.Release|Any CPU.ActiveCfg = Release|Any CPU
		{19AA208A-B00E-442E-8406-1D6F87016CD9}.Release|Any CPU.Build.0 = Release|Any CPU
		{4F4EB2CE-44A9-4DBA-A3F5-E97FA28ED6C1}.Debug|Any CPU.ActiveCfg = Debug|Any CPU
		{4F4EB2CE-44A9-4DBA-A3F5-E97FA28ED6C1}.Debug|Any CPU.Build.0 = Debug|Any CPU
		{4F4EB2CE-44A9-4DBA-A3F5-E97FA28ED6C1}.Release|Any CPU.ActiveCfg = Release|Any CPU
		{4F4EB2CE-44A9-4DBA-A3F5-E97FA28ED6C1}.Release|Any CPU.Build.0 = Release|Any CPU
		{74B5DE7D-9B10-4A52-92AE-E156D38F7F19}.Debug|Any CPU.ActiveCfg = Debug|Any CPU
		{74B5DE7D-9B10-4A52-92AE-E156D38F7F19}.Debug|Any CPU.Build.0 = Debug|Any CPU
		{74B5DE7D-9B10-4A52-92AE-E156D38F7F19}.Release|Any CPU.ActiveCfg = Release|Any CPU
		{74B5DE7D-9B10-4A52-92AE-E156D38F7F19}.Release|Any CPU.Build.0 = Release|Any CPU
		{04F803B1-4D9C-45DB-B429-EA1AA9D0D5F1}.Debug|Any CPU.ActiveCfg = Debug|Any CPU
		{04F803B1-4D9C-45DB-B429-EA1AA9D0D5F1}.Debug|Any CPU.Build.0 = Debug|Any CPU
		{04F803B1-4D9C-45DB-B429-EA1AA9D0D5F1}.Release|Any CPU.ActiveCfg = Release|Any CPU
		{04F803B1-4D9C-45DB-B429-EA1AA9D0D5F1}.Release|Any CPU.Build.0 = Release|Any CPU
	EndGlobalSection
EndGlobal
